
Microsoft Visual Studio Solution File, Format Version 12.00
# Visual Studio 14
VisualStudioVersion = 14.0.25420.1
MinimumVisualStudioVersion = 10.0.40219.1
Project("{FAE04EC0-301F-11D3-BF4B-00C04F79EFBC}") = "Library", "Library\Library.csproj", "{495F274E-BDAA-441D-A714-0760F578D1E5}"
EndProject
Project("{FAE04EC0-301F-11D3-BF4B-00C04F79EFBC}") = "OutputViewer", "OutputViewer\OutputViewer.csproj", "{2D8561FB-43D1-4EFD-8852-5E5C439DA5AF}"
EndProject
Global
	GlobalSection(SolutionConfigurationPlatforms) = preSolution
		Debug|Any CPU = Debug|Any CPU
		Release|Any CPU = Release|Any CPU
	EndGlobalSection
	GlobalSection(ProjectConfigurationPlatforms) = postSolution
		{495F274E-BDAA-441D-A714-0760F578D1E5}.Debug|Any CPU.ActiveCfg = Debug|Any CPU
		{495F274E-BDAA-441D-A714-0760F578D1E5}.Debug|Any CPU.Build.0 = Debug|Any CPU
		{495F274E-BDAA-441D-A714-0760F578D1E5}.Release|Any CPU.ActiveCfg = Release|Any CPU
		{495F274E-BDAA-441D-A714-0760F578D1E5}.Release|Any CPU.Build.0 = Release|Any CPU
		{2D8561FB-43D1-4EFD-8852-5E5C439DA5AF}.Debug|Any CPU.ActiveCfg = Debug|Any CPU
		{2D8561FB-43D1-4EFD-8852-5E5C439DA5AF}.Debug|Any CPU.Build.0 = Debug|Any CPU
		{2D8561FB-43D1-4EFD-8852-5E5C439DA5AF}.Release|Any CPU.ActiveCfg = Release|Any CPU
		{2D8561FB-43D1-4EFD-8852-5E5C439DA5AF}.Release|Any CPU.Build.0 = Release|Any CPU
	EndGlobalSection
	GlobalSection(SolutionProperties) = preSolution
		HideSolutionNode = FALSE
	EndGlobalSection
EndGlobal
